
Microsoft Visual Studio Solution File, Format Version 12.00
# Visual Studio Version 17
VisualStudioVersion = 17.4.33205.214
MinimumVisualStudioVersion = 10.0.40219.1
Project("{FAE04EC0-301F-11D3-BF4B-00C04F79EFBC}") = "back-shopping", "back-shopping.csproj", "{66FEC29D-33BC-4F72-A2FD-72040BB2A4F1}"
EndProject
Global
	GlobalSection(SolutionConfigurationPlatforms) = preSolution
		Debug|Any CPU = Debug|Any CPU
		Release|Any CPU = Release|Any CPU
	EndGlobalSection
	GlobalSection(ProjectConfigurationPlatforms) = postSolution
		{66FEC29D-33BC-4F72-A2FD-72040BB2A4F1}.Debug|Any CPU.ActiveCfg = Debug|Any CPU
		{66FEC29D-33BC-4F72-A2FD-72040BB2A4F1}.Debug|Any CPU.Build.0 = Debug|Any CPU
		{66FEC29D-33BC-4F72-A2FD-72040BB2A4F1}.Release|Any CPU.ActiveCfg = Release|Any CPU
		{66FEC29D-33BC-4F72-A2FD-72040BB2A4F1}.Release|Any CPU.Build.0 = Release|Any CPU
	EndGlobalSection
	GlobalSection(SolutionProperties) = preSolution
		HideSolutionNode = FALSE
	EndGlobalSection
	GlobalSection(ExtensibilityGlobals) = postSolution
		SolutionGuid = {6AB3D1D3-0C52-4882-B4C8-F9C41A4C676F}
	EndGlobalSection
EndGlobal
